
Microsoft Visual Studio Solution File, Format Version 12.00
# Visual Studio 15
VisualStudioVersion = 15.0.28307.489
MinimumVisualStudioVersion = 10.0.40219.1
Project("{8BC9CEB8-8B4A-11D0-8D11-00A0C91BC942}") = "Clase00", "Clase00\Clase00.vcxproj", "{AC7D98E2-AEC4-4764-9803-8DD146320634}"
EndProject
Global
	GlobalSection(SolutionConfigurationPlatforms) = preSolution
		Debug|x64 = Debug|x64
		Debug|x86 = Debug|x86
		Release|x64 = Release|x64
		Release|x86 = Release|x86
	EndGlobalSection
	GlobalSection(ProjectConfigurationPlatforms) = postSolution
		{AC7D98E2-AEC4-4764-9803-8DD146320634}.Debug|x64.ActiveCfg = Debug|x64
		{AC7D98E2-AEC4-4764-9803-8DD146320634}.Debug|x64.Build.0 = Debug|x64
		{AC7D98E2-AEC4-4764-9803-8DD146320634}.Debug|x86.ActiveCfg = Debug|Win32
		{AC7D98E2-AEC4-4764-9803-8DD146320634}.Debug|x86.Build.0 = Debug|Win32
		{AC7D98E2-AEC4-4764-9803-8DD146320634}.Release|x64.ActiveCfg = Release|x64
		{AC7D98E2-AEC4-4764-9803-8DD146320634}.Release|x64.Build.0 = Release|x64
		{AC7D98E2-AEC4-4764-9803-8DD146320634}.Release|x86.ActiveCfg = Release|Win32
		{AC7D98E2-AEC4-4764-9803-8DD146320634}.Release|x86.Build.0 = Release|Win32
	EndGlobalSection
	GlobalSection(SolutionProperties) = preSolution
		HideSolutionNode = FALSE
	EndGlobalSection
	GlobalSection(ExtensibilityGlobals) = postSolution
		SolutionGuid = {3C3374A7-A672-4F75-893C-E0FC1364DA16}
	EndGlobalSection
EndGlobal
